
Microsoft Visual Studio Solution File, Format Version 12.00
# Visual Studio Version 17
VisualStudioVersion = 17.2.32616.157
MinimumVisualStudioVersion = 10.0.40219.1
Project("{FAE04EC0-301F-11D3-BF4B-00C04F79EFBC}") = "SelectionStatementsExercise", "SelectionStatementsExercise\SelectionStatementsExercise.csproj", "{CD626BA1-C5FF-422A-A21A-CB62A82119C7}"
EndProject
Global
	GlobalSection(SolutionConfigurationPlatforms) = preSolution
		Debug|Any CPU = Debug|Any CPU
		Release|Any CPU = Release|Any CPU
	EndGlobalSection
	GlobalSection(ProjectConfigurationPlatforms) = postSolution
		{CD626BA1-C5FF-422A-A21A-CB62A82119C7}.Debug|Any CPU.ActiveCfg = Debug|Any CPU
		{CD626BA1-C5FF-422A-A21A-CB62A82119C7}.Debug|Any CPU.Build.0 = Debug|Any CPU
		{CD626BA1-C5FF-422A-A21A-CB62A82119C7}.Release|Any CPU.ActiveCfg = Release|Any CPU
		{CD626BA1-C5FF-422A-A21A-CB62A82119C7}.Release|Any CPU.Build.0 = Release|Any CPU
	EndGlobalSection
	GlobalSection(SolutionProperties) = preSolution
		HideSolutionNode = FALSE
	EndGlobalSection
	GlobalSection(ExtensibilityGlobals) = postSolution
		SolutionGuid = {981A769E-4991-4ABB-909A-98697553307E}
	EndGlobalSection
EndGlobal
